
Microsoft Visual Studio Solution File, Format Version 12.00
# Visual Studio Version 17
VisualStudioVersion = 17.4.33213.308
MinimumVisualStudioVersion = 10.0.40219.1
Project("{FAE04EC0-301F-11D3-BF4B-00C04F79EFBC}") = "Umfg.Programacaoiv2023.Primeira.Api", "Umfg.Programacaoiv2023.Primeira.Api\Umfg.Programacaoiv2023.Primeira.Api.csproj", "{F3964447-7D43-4703-85D5-7736F9130B5B}"
EndProject
Global
	GlobalSection(SolutionConfigurationPlatforms) = preSolution
		Debug|Any CPU = Debug|Any CPU
		Release|Any CPU = Release|Any CPU
	EndGlobalSection
	GlobalSection(ProjectConfigurationPlatforms) = postSolution
		{F3964447-7D43-4703-85D5-7736F9130B5B}.Debug|Any CPU.ActiveCfg = Debug|Any CPU
		{F3964447-7D43-4703-85D5-7736F9130B5B}.Debug|Any CPU.Build.0 = Debug|Any CPU
		{F3964447-7D43-4703-85D5-7736F9130B5B}.Release|Any CPU.ActiveCfg = Release|Any CPU
		{F3964447-7D43-4703-85D5-7736F9130B5B}.Release|Any CPU.Build.0 = Release|Any CPU
	EndGlobalSection
	GlobalSection(SolutionProperties) = preSolution
		HideSolutionNode = FALSE
	EndGlobalSection
	GlobalSection(ExtensibilityGlobals) = postSolution
		SolutionGuid = {5AB76B71-1D7B-4C6B-A6FC-F4C9EA5BAA44}
	EndGlobalSection
EndGlobal
